PODS:
  - REComposeViewController (2.3.2)
  - VK-ios-sdk (1.0.8.6)
  - VKActivity (1.0.1):
    - REComposeViewController
    - VK-ios-sdk

DEPENDENCIES:
  - VKActivity (from `../`)

EXTERNAL SOURCES:
  VKActivity:
    :path: ../

SPEC CHECKSUMS:
  REComposeViewController: ecdf1f4799a69c029258c56aca130276e7975f74
  VK-ios-sdk: 2388a23081481384b1ad67d9e988d4dd9f8973d3
  VKActivity: 0eab880dd1f235c86d1ac06091f2727769c06222

COCOAPODS: 0.33.1
